{
  "name": "is-image-loaded",
  "version": "0.0.0",
  "lockfileVersion": 1,
  "requires": true,
  "dependencies": {
    "ngx-is-image-loaded": {
      "version": "1.0.0",
      "resolved": "https://registry.npmjs.org/ngx-is-image-loaded/-/ngx-is-image-loaded-1.0.0.tgz",
      "integrity": "sha512-jtK4uQj71YsqrvtyYhnbTk0EPkuJEoQ4IsfDh5bAU4RErladWh59cWhX+gcBGiLufLYV7BXDimjio24XDoDJFw==",
      "requires": {
        "tslib": "1.9.3"
      }
    },
    "tslib": {
      "version": "1.9.3",
      "resolved": "https://registry.npmjs.org/tslib/-/tslib-1.9.3.tgz",
      "integrity": "sha512-4krF8scpejhaOgqzBEcGM7yDIEfi0/8+8zDRZhNZZ2kjmHJ4hv3zCbQWxoJGz1iw5U0Jl0nma13xzHXcncMavQ=="
    }
  }
}
